
Microsoft Visual Studio Solution File, Format Version 12.00
# Visual Studio Version 16
VisualStudioVersion = 16.0.30128.74
MinimumVisualStudioVersion = 10.0.40219.1
Project("{FAE04EC0-301F-11D3-BF4B-00C04F79EFBC}") = "WebAPIRestCore20", "WebAPIRestCore20\WebAPIRestCore20.csproj", "{EE4EC705-8C22-4E59-90E9-4E8A1F4F35B5}"
EndProject
Global
	GlobalSection(SolutionConfigurationPlatforms) = preSolution
		Debug|Any CPU = Debug|Any CPU
		Release|Any CPU = Release|Any CPU
	EndGlobalSection
	GlobalSection(ProjectConfigurationPlatforms) = postSolution
		{EE4EC705-8C22-4E59-90E9-4E8A1F4F35B5}.Debug|Any CPU.ActiveCfg = Debug|Any CPU
		{EE4EC705-8C22-4E59-90E9-4E8A1F4F35B5}.Debug|Any CPU.Build.0 = Debug|Any CPU
		{EE4EC705-8C22-4E59-90E9-4E8A1F4F35B5}.Release|Any CPU.ActiveCfg = Release|Any CPU
		{EE4EC705-8C22-4E59-90E9-4E8A1F4F35B5}.Release|Any CPU.Build.0 = Release|Any CPU
	EndGlobalSection
	GlobalSection(SolutionProperties) = preSolution
		HideSolutionNode = FALSE
	EndGlobalSection
	GlobalSection(ExtensibilityGlobals) = postSolution
		SolutionGuid = {DA7FEB9E-B899-42E0-8D2C-1688CC9BA828}
	EndGlobalSection
EndGlobal
